
Microsoft Visual Studio Solution File, Format Version 12.00
# Visual Studio Version 17
VisualStudioVersion = 17.6.33815.320
MinimumVisualStudioVersion = 10.0.40219.1
Project("{2150E333-8FDC-42A3-9474-1A3956D46DE8}") = "1.WebServiceLayer", "1.WebServiceLayer", "{5FF0EA1E-7516-442A-B9A7-FD9EB683B063}"
EndProject
Project("{2150E333-8FDC-42A3-9474-1A3956D46DE8}") = "2.ApplicationLayer", "2.ApplicationLayer", "{A7009298-3F1C-44A1-A2B5-6ECFC020AEFB}"
EndProject
Project("{2150E333-8FDC-42A3-9474-1A3956D46DE8}") = "3.DomainModelLayer", "3.DomainModelLayer", "{D4F452B9-F7D9-4C90-B7F6-5E8AEE32DF05}"
EndProject
Project("{2150E333-8FDC-42A3-9474-1A3956D46DE8}") = "4.InfrastructureLayer", "4.InfrastructureLayer", "{7F801CBB-0A3B-4B03-AFBD-227337DD4A03}"
EndProject
Project("{2150E333-8FDC-42A3-9474-1A3956D46DE8}") = "5.CrossCuttingLayer", "5.CrossCuttingLayer", "{2CF38238-B499-4638-A88E-02FEB2F18C27}"
EndProject
Project("{FAE04EC0-301F-11D3-BF4B-00C04F79EFBC}") = "ExchangeManagerAPI", "ExchangeManagerAPI\ExchangeManagerAPI.csproj", "{AA45C445-B82B-4F63-99AC-568CBA9B09A7}"
EndProject
Project("{FAE04EC0-301F-11D3-BF4B-00C04F79EFBC}") = "ExchangeManager.ApplicationService", "ExchangeManager.ApplicationService\ExchangeManager.ApplicationService.csproj", "{D2C0CD39-7EA8-47B9-8105-4F43C47AAB5B}"
EndProject
Project("{FAE04EC0-301F-11D3-BF4B-00C04F79EFBC}") = "ExchangeManager.DomainModel", "ExchangeManager.DomainModel\ExchangeManager.DomainModel.csproj", "{46943A84-DCA6-4E95-ABDD-44F6540C69B9}"
EndProject
Project("{FAE04EC0-301F-11D3-BF4B-00C04F79EFBC}") = "ExchangeManager.Infrastructure", "ExchangeManager.Infrastructure\ExchangeManager.Infrastructure.csproj", "{538BBA25-EE19-4C12-B242-6C17CECA1FCB}"
EndProject
Global
	GlobalSection(SolutionConfigurationPlatforms) = preSolution
		Debug|Any CPU = Debug|Any CPU
		Release|Any CPU = Release|Any CPU
	EndGlobalSection
	GlobalSection(ProjectConfigurationPlatforms) = postSolution
		{AA45C445-B82B-4F63-99AC-568CBA9B09A7}.Debug|Any CPU.ActiveCfg = Debug|Any CPU
		{AA45C445-B82B-4F63-99AC-568CBA9B09A7}.Debug|Any CPU.Build.0 = Debug|Any CPU
		{AA45C445-B82B-4F63-99AC-568CBA9B09A7}.Release|Any CPU.ActiveCfg = Release|Any CPU
		{AA45C445-B82B-4F63-99AC-568CBA9B09A7}.Release|Any CPU.Build.0 = Release|Any CPU
		{D2C0CD39-7EA8-47B9-8105-4F43C47AAB5B}.Debug|Any CPU.ActiveCfg = Debug|Any CPU
		{D2C0CD39-7EA8-47B9-8105-4F43C47AAB5B}.Debug|Any CPU.Build.0 = Debug|Any CPU
		{D2C0CD39-7EA8-47B9-8105-4F43C47AAB5B}.Release|Any CPU.ActiveCfg = Release|Any CPU
		{D2C0CD39-7EA8-47B9-8105-4F43C47AAB5B}.Release|Any CPU.Build.0 = Release|Any CPU
		{46943A84-DCA6-4E95-ABDD-44F6540C69B9}.Debug|Any CPU.ActiveCfg = Debug|Any CPU
		{46943A84-DCA6-4E95-ABDD-44F6540C69B9}.Debug|Any CPU.Build.0 = Debug|Any CPU
		{46943A84-DCA6-4E95-ABDD-44F6540C69B9}.Release|Any CPU.ActiveCfg = Release|Any CPU
		{46943A84-DCA6-4E95-ABDD-44F6540C69B9}.Release|Any CPU.Build.0 = Release|Any CPU
		{538BBA25-EE19-4C12-B242-6C17CECA1FCB}.Debug|Any CPU.ActiveCfg = Debug|Any CPU
		{538BBA25-EE19-4C12-B242-6C17CECA1FCB}.Debug|Any CPU.Build.0 = Debug|Any CPU
		{538BBA25-EE19-4C12-B242-6C17CECA1FCB}.Release|Any CPU.ActiveCfg = Release|Any CPU
		{538BBA25-EE19-4C12-B242-6C17CECA1FCB}.Release|Any CPU.Build.0 = Release|Any CPU
	EndGlobalSection
	GlobalSection(SolutionProperties) = preSolution
		HideSolutionNode = FALSE
	EndGlobalSection
	GlobalSection(NestedProjects) = preSolution
		{AA45C445-B82B-4F63-99AC-568CBA9B09A7} = {5FF0EA1E-7516-442A-B9A7-FD9EB683B063}
		{D2C0CD39-7EA8-47B9-8105-4F43C47AAB5B} = {A7009298-3F1C-44A1-A2B5-6ECFC020AEFB}
		{46943A84-DCA6-4E95-ABDD-44F6540C69B9} = {D4F452B9-F7D9-4C90-B7F6-5E8AEE32DF05}
		{538BBA25-EE19-4C12-B242-6C17CECA1FCB} = {7F801CBB-0A3B-4B03-AFBD-227337DD4A03}
	EndGlobalSection
	GlobalSection(ExtensibilityGlobals) = postSolution
		SolutionGuid = {1515C52D-1E68-42D4-BCFB-722A11C835F0}
	EndGlobalSection
EndGlobal
